
Microsoft Visual Studio Solution File, Format Version 12.00
# Visual Studio Version 17
VisualStudioVersion = 17.7.34018.315
MinimumVisualStudioVersion = 10.0.40219.1
Project("{2150E333-8FDC-42A3-9474-1A3956D46DE8}") = "src", "src", "{1EC45FD5-9758-4247-A23E-B5191F2A0012}"
EndProject
Project("{2150E333-8FDC-42A3-9474-1A3956D46DE8}") = "tests", "tests", "{F843F3C7-7047-4E7D-81CD-B4E21E0E1EFF}"
EndProject
Project("{2150E333-8FDC-42A3-9474-1A3956D46DE8}") = "BuildingBlocks", "BuildingBlocks", "{DDF05EC5-99CE-4B7C-8297-86BEEDD26987}"
EndProject
Project("{FAE04EC0-301F-11D3-BF4B-00C04F79EFBC}") = "Pluxee.Domain", "src\BuildingBlocks\Pluxee.Domain\Pluxee.Domain.csproj", "{3E83CF2D-9F3D-4239-A51E-B86F4A75C7B8}"
EndProject
Global
	GlobalSection(SolutionConfigurationPlatforms) = preSolution
		Debug|Any CPU = Debug|Any CPU
		Release|Any CPU = Release|Any CPU
	EndGlobalSection
	GlobalSection(ProjectConfigurationPlatforms) = postSolution
		{3E83CF2D-9F3D-4239-A51E-B86F4A75C7B8}.Debug|Any CPU.ActiveCfg = Debug|Any CPU
		{3E83CF2D-9F3D-4239-A51E-B86F4A75C7B8}.Debug|Any CPU.Build.0 = Debug|Any CPU
		{3E83CF2D-9F3D-4239-A51E-B86F4A75C7B8}.Release|Any CPU.ActiveCfg = Release|Any CPU
		{3E83CF2D-9F3D-4239-A51E-B86F4A75C7B8}.Release|Any CPU.Build.0 = Release|Any CPU
	EndGlobalSection
	GlobalSection(SolutionProperties) = preSolution
		HideSolutionNode = FALSE
	EndGlobalSection
	GlobalSection(NestedProjects) = preSolution
		{DDF05EC5-99CE-4B7C-8297-86BEEDD26987} = {1EC45FD5-9758-4247-A23E-B5191F2A0012}
		{3E83CF2D-9F3D-4239-A51E-B86F4A75C7B8} = {DDF05EC5-99CE-4B7C-8297-86BEEDD26987}
	EndGlobalSection
	GlobalSection(ExtensibilityGlobals) = postSolution
		SolutionGuid = {2328888E-7A59-4EEB-8CCE-B7D8A5160494}
	EndGlobalSection
EndGlobal
