
Microsoft Visual Studio Solution File, Format Version 12.00
# Visual Studio Version 17
VisualStudioVersion = 17.7.34018.315
MinimumVisualStudioVersion = 10.0.40219.1
Project("{2150E333-8FDC-42A3-9474-1A3956D46DE8}") = "src", "src", "{1EC45FD5-9758-4247-A23E-B5191F2A0012}"
EndProject
Project("{2150E333-8FDC-42A3-9474-1A3956D46DE8}") = "tests", "tests", "{F843F3C7-7047-4E7D-81CD-B4E21E0E1EFF}"
EndProject
Project("{2150E333-8FDC-42A3-9474-1A3956D46DE8}") = "BuildingBlocks", "BuildingBlocks", "{DDF05EC5-99CE-4B7C-8297-86BEEDD26987}"
EndProject
Project("{9A19103F-16F7-4668-BE54-9A1E7A4F7556}") = "Pluxee.Domain", "src\BuildingBlocks\Pluxee.Domain\Pluxee.Domain.csproj", "{3E83CF2D-9F3D-4239-A51E-B86F4A75C7B8}"
EndProject
Project("{2150E333-8FDC-42A3-9474-1A3956D46DE8}") = "BuildingBlocks", "BuildingBlocks", "{471338A6-45EE-46C9-A8D6-61E37ACF3646}"
EndProject
Project("{FAE04EC0-301F-11D3-BF4B-00C04F79EFBC}") = "Pluxee.Domain.Tests", "tests\BuildingBlocks\Pluxee.Domain.Tests\Pluxee.Domain.Tests.csproj", "{4903164B-881C-4C2D-BD41-7C7752C6AE5F}"
EndProject
Project("{2150E333-8FDC-42A3-9474-1A3956D46DE8}") = "CustomerService", "CustomerService", "{F28D04D2-BFDE-4806-A385-6BFBEAC74923}"
EndProject
Project("{2150E333-8FDC-42A3-9474-1A3956D46DE8}") = "OrderService", "OrderService", "{BF77BEC5-6615-4C2F-B112-1B1E1A04614B}"
EndProject
Project("{2150E333-8FDC-42A3-9474-1A3956D46DE8}") = "ProductService", "ProductService", "{3D7A89B2-22C9-4A5E-BD6F-EC75A7648442}"
EndProject
Project("{2150E333-8FDC-42A3-9474-1A3956D46DE8}") = "PaymentService", "PaymentService", "{F9800AAB-A314-4942-B9D2-DB13FD3B87B0}"
EndProject
Project("{FAE04EC0-301F-11D3-BF4B-00C04F79EFBC}") = "Pluxee.CustomerService", "src\CustomerService\Pluxee.CustomerService\Pluxee.CustomerService.csproj", "{29373B07-21EB-46A3-A35E-968E52D347B2}"
EndProject
Project("{FAE04EC0-301F-11D3-BF4B-00C04F79EFBC}") = "Pluxee.OrderService", "src\OrderService\Pluxee.OrderService\Pluxee.OrderService.csproj", "{EB7B1F05-0151-439A-B605-33EE409137EA}"
EndProject
Project("{FAE04EC0-301F-11D3-BF4B-00C04F79EFBC}") = "Pluxee.PaymentService", "src\PaymentService\Pluxee.PaymentService\Pluxee.PaymentService.csproj", "{518087D1-C41C-47C1-9565-994C4A77AC9F}"
EndProject
Global
	GlobalSection(SolutionConfigurationPlatforms) = preSolution
		Debug|Any CPU = Debug|Any CPU
		Release|Any CPU = Release|Any CPU
	EndGlobalSection
	GlobalSection(ProjectConfigurationPlatforms) = postSolution
		{3E83CF2D-9F3D-4239-A51E-B86F4A75C7B8}.Debug|Any CPU.ActiveCfg = Debug|Any CPU
		{3E83CF2D-9F3D-4239-A51E-B86F4A75C7B8}.Debug|Any CPU.Build.0 = Debug|Any CPU
		{3E83CF2D-9F3D-4239-A51E-B86F4A75C7B8}.Release|Any CPU.ActiveCfg = Release|Any CPU
		{3E83CF2D-9F3D-4239-A51E-B86F4A75C7B8}.Release|Any CPU.Build.0 = Release|Any CPU
		{4903164B-881C-4C2D-BD41-7C7752C6AE5F}.Debug|Any CPU.ActiveCfg = Debug|Any CPU
		{4903164B-881C-4C2D-BD41-7C7752C6AE5F}.Debug|Any CPU.Build.0 = Debug|Any CPU
		{4903164B-881C-4C2D-BD41-7C7752C6AE5F}.Release|Any CPU.ActiveCfg = Release|Any CPU
		{4903164B-881C-4C2D-BD41-7C7752C6AE5F}.Release|Any CPU.Build.0 = Release|Any CPU
		{29373B07-21EB-46A3-A35E-968E52D347B2}.Debug|Any CPU.ActiveCfg = Debug|Any CPU
		{29373B07-21EB-46A3-A35E-968E52D347B2}.Debug|Any CPU.Build.0 = Debug|Any CPU
		{29373B07-21EB-46A3-A35E-968E52D347B2}.Release|Any CPU.ActiveCfg = Release|Any CPU
		{29373B07-21EB-46A3-A35E-968E52D347B2}.Release|Any CPU.Build.0 = Release|Any CPU
		{EB7B1F05-0151-439A-B605-33EE409137EA}.Debug|Any CPU.ActiveCfg = Debug|Any CPU
		{EB7B1F05-0151-439A-B605-33EE409137EA}.Debug|Any CPU.Build.0 = Debug|Any CPU
		{EB7B1F05-0151-439A-B605-33EE409137EA}.Release|Any CPU.ActiveCfg = Release|Any CPU
		{EB7B1F05-0151-439A-B605-33EE409137EA}.Release|Any CPU.Build.0 = Release|Any CPU
		{518087D1-C41C-47C1-9565-994C4A77AC9F}.Debug|Any CPU.ActiveCfg = Debug|Any CPU
		{518087D1-C41C-47C1-9565-994C4A77AC9F}.Debug|Any CPU.Build.0 = Debug|Any CPU
		{518087D1-C41C-47C1-9565-994C4A77AC9F}.Release|Any CPU.ActiveCfg = Release|Any CPU
		{518087D1-C41C-47C1-9565-994C4A77AC9F}.Release|Any CPU.Build.0 = Release|Any CPU
	EndGlobalSection
	GlobalSection(SolutionProperties) = preSolution
		HideSolutionNode = FALSE
	EndGlobalSection
	GlobalSection(NestedProjects) = preSolution
		{DDF05EC5-99CE-4B7C-8297-86BEEDD26987} = {1EC45FD5-9758-4247-A23E-B5191F2A0012}
		{3E83CF2D-9F3D-4239-A51E-B86F4A75C7B8} = {DDF05EC5-99CE-4B7C-8297-86BEEDD26987}
		{471338A6-45EE-46C9-A8D6-61E37ACF3646} = {F843F3C7-7047-4E7D-81CD-B4E21E0E1EFF}
		{4903164B-881C-4C2D-BD41-7C7752C6AE5F} = {471338A6-45EE-46C9-A8D6-61E37ACF3646}
		{F28D04D2-BFDE-4806-A385-6BFBEAC74923} = {1EC45FD5-9758-4247-A23E-B5191F2A0012}
		{BF77BEC5-6615-4C2F-B112-1B1E1A04614B} = {1EC45FD5-9758-4247-A23E-B5191F2A0012}
		{3D7A89B2-22C9-4A5E-BD6F-EC75A7648442} = {1EC45FD5-9758-4247-A23E-B5191F2A0012}
		{F9800AAB-A314-4942-B9D2-DB13FD3B87B0} = {1EC45FD5-9758-4247-A23E-B5191F2A0012}
		{29373B07-21EB-46A3-A35E-968E52D347B2} = {F28D04D2-BFDE-4806-A385-6BFBEAC74923}
		{EB7B1F05-0151-439A-B605-33EE409137EA} = {BF77BEC5-6615-4C2F-B112-1B1E1A04614B}
		{518087D1-C41C-47C1-9565-994C4A77AC9F} = {F9800AAB-A314-4942-B9D2-DB13FD3B87B0}
	EndGlobalSection
	GlobalSection(ExtensibilityGlobals) = postSolution
		SolutionGuid = {2328888E-7A59-4EEB-8CCE-B7D8A5160494}
	EndGlobalSection
EndGlobal
